
Microsoft Visual Studio Solution File, Format Version 12.00
# Visual Studio Version 17
VisualStudioVersion = 17.5.33627.172
MinimumVisualStudioVersion = 10.0.40219.1
Project("{FAE04EC0-301F-11D3-BF4B-00C04F79EFBC}") = "Dashboard", "Dashboard\Dashboard.csproj", "{B1ABB7B0-38E8-457E-AF33-E2753AF0D9FA}"
EndProject
Global
	GlobalSection(SolutionConfigurationPlatforms) = preSolution
		Debug|Any CPU = Debug|Any CPU
		Release|Any CPU = Release|Any CPU
	EndGlobalSection
	GlobalSection(ProjectConfigurationPlatforms) = postSolution
		{B1ABB7B0-38E8-457E-AF33-E2753AF0D9FA}.Debug|Any CPU.ActiveCfg = Debug|Any CPU
		{B1ABB7B0-38E8-457E-AF33-E2753AF0D9FA}.Debug|Any CPU.Build.0 = Debug|Any CPU
		{B1ABB7B0-38E8-457E-AF33-E2753AF0D9FA}.Release|Any CPU.ActiveCfg = Release|Any CPU
		{B1ABB7B0-38E8-457E-AF33-E2753AF0D9FA}.Release|Any CPU.Build.0 = Release|Any CPU
	EndGlobalSection
	GlobalSection(SolutionProperties) = preSolution
		HideSolutionNode = FALSE
	EndGlobalSection
	GlobalSection(ExtensibilityGlobals) = postSolution
		SolutionGuid = {423BACDB-5FB9-420F-8A16-54E006F56A3A}
	EndGlobalSection
EndGlobal
